
Microsoft Visual Studio Solution File, Format Version 12.00
# Visual Studio Version 16
VisualStudioVersion = 16.0.30804.86
MinimumVisualStudioVersion = 10.0.40219.1
Project("{FAE04EC0-301F-11D3-BF4B-00C04F79EFBC}") = "ND3", "ND3\ND3.csproj", "{6CCE9AC2-9409-4108-8BBF-8D17A736CBA3}"
EndProject
Project("{FAE04EC0-301F-11D3-BF4B-00C04F79EFBC}") = "HomeWork3", "HomeWork3\HomeWork3.csproj", "{9D1EC585-97F3-45F4-BB4F-23711814F1BC}"
EndProject
Global
	GlobalSection(SolutionConfigurationPlatforms) = preSolution
		Debug|Any CPU = Debug|Any CPU
		Release|Any CPU = Release|Any CPU
	EndGlobalSection
	GlobalSection(ProjectConfigurationPlatforms) = postSolution
		{6CCE9AC2-9409-4108-8BBF-8D17A736CBA3}.Debug|Any CPU.ActiveCfg = Debug|Any CPU
		{6CCE9AC2-9409-4108-8BBF-8D17A736CBA3}.Debug|Any CPU.Build.0 = Debug|Any CPU
		{6CCE9AC2-9409-4108-8BBF-8D17A736CBA3}.Release|Any CPU.ActiveCfg = Release|Any CPU
		{6CCE9AC2-9409-4108-8BBF-8D17A736CBA3}.Release|Any CPU.Build.0 = Release|Any CPU
		{9D1EC585-97F3-45F4-BB4F-23711814F1BC}.Debug|Any CPU.ActiveCfg = Debug|Any CPU
		{9D1EC585-97F3-45F4-BB4F-23711814F1BC}.Debug|Any CPU.Build.0 = Debug|Any CPU
		{9D1EC585-97F3-45F4-BB4F-23711814F1BC}.Release|Any CPU.ActiveCfg = Release|Any CPU
		{9D1EC585-97F3-45F4-BB4F-23711814F1BC}.Release|Any CPU.Build.0 = Release|Any CPU
	EndGlobalSection
	GlobalSection(SolutionProperties) = preSolution
		HideSolutionNode = FALSE
	EndGlobalSection
	GlobalSection(ExtensibilityGlobals) = postSolution
		SolutionGuid = {87AF7F76-CEB2-4AB4-9D2C-6ED85670A8AF}
	EndGlobalSection
EndGlobal
