
Microsoft Visual Studio Solution File, Format Version 12.00
# Visual Studio Version 16
VisualStudioVersion = 16.0.30804.86
MinimumVisualStudioVersion = 10.0.40219.1
Project("{9A19103F-16F7-4668-BE54-9A1E7A4F7556}") = "ClassWork3", "ND3\ClassWork3.csproj", "{6CCE9AC2-9409-4108-8BBF-8D17A736CBA3}"
EndProject
Project("{9A19103F-16F7-4668-BE54-9A1E7A4F7556}") = "Schulist", "HomeWorkThreeDotOne\Schulist.csproj", "{7A068CC0-17F8-405D-BD56-C9D243834CBF}"
EndProject
Global
	GlobalSection(SolutionConfigurationPlatforms) = preSolution
		Debug|Any CPU = Debug|Any CPU
		Release|Any CPU = Release|Any CPU
	EndGlobalSection
	GlobalSection(ProjectConfigurationPlatforms) = postSolution
		{6CCE9AC2-9409-4108-8BBF-8D17A736CBA3}.Debug|Any CPU.ActiveCfg = Debug|Any CPU
		{6CCE9AC2-9409-4108-8BBF-8D17A736CBA3}.Debug|Any CPU.Build.0 = Debug|Any CPU
		{6CCE9AC2-9409-4108-8BBF-8D17A736CBA3}.Release|Any CPU.ActiveCfg = Release|Any CPU
		{6CCE9AC2-9409-4108-8BBF-8D17A736CBA3}.Release|Any CPU.Build.0 = Release|Any CPU
		{7A068CC0-17F8-405D-BD56-C9D243834CBF}.Debug|Any CPU.ActiveCfg = Debug|Any CPU
		{7A068CC0-17F8-405D-BD56-C9D243834CBF}.Debug|Any CPU.Build.0 = Debug|Any CPU
		{7A068CC0-17F8-405D-BD56-C9D243834CBF}.Release|Any CPU.ActiveCfg = Release|Any CPU
		{7A068CC0-17F8-405D-BD56-C9D243834CBF}.Release|Any CPU.Build.0 = Release|Any CPU
	EndGlobalSection
	GlobalSection(SolutionProperties) = preSolution
		HideSolutionNode = FALSE
	EndGlobalSection
	GlobalSection(ExtensibilityGlobals) = postSolution
		SolutionGuid = {87AF7F76-CEB2-4AB4-9D2C-6ED85670A8AF}
	EndGlobalSection
EndGlobal
